
Microsoft Visual Studio Solution File, Format Version 12.00
# Visual Studio Version 17
VisualStudioVersion = 17.13.35825.156 d17.13
MinimumVisualStudioVersion = 10.0.40219.1
Project("{FAE04EC0-301F-11D3-BF4B-00C04F79EFBC}") = "Entity", "Entity\Entity.csproj", "{F621F11B-9F7F-4025-AAF0-E46B0849DBF3}"
EndProject
Project("{FAE04EC0-301F-11D3-BF4B-00C04F79EFBC}") = "Data", "Data\Data.csproj", "{FD55A27E-2700-488F-8C17-74B30E032358}"
EndProject
Project("{FAE04EC0-301F-11D3-BF4B-00C04F79EFBC}") = "Business", "Business\Business.csproj", "{C0439EAE-CA63-4771-A409-B1A72CC7983A}"
EndProject
Project("{FAE04EC0-301F-11D3-BF4B-00C04F79EFBC}") = "Web", "Web\Web.csproj", "{433A7202-B77B-41E6-B9F1-154203AD368B}"
EndProject
Project("{FAE04EC0-301F-11D3-BF4B-00C04F79EFBC}") = "Utilities", "Utilities\Utilities.csproj", "{574F07AE-6230-40C0-B430-5B5ED506C149}"
EndProject
Global
	GlobalSection(SolutionConfigurationPlatforms) = preSolution
		Debug|Any CPU = Debug|Any CPU
		Release|Any CPU = Release|Any CPU
	EndGlobalSection
	GlobalSection(ProjectConfigurationPlatforms) = postSolution
		{F621F11B-9F7F-4025-AAF0-E46B0849DBF3}.Debug|Any CPU.ActiveCfg = Debug|Any CPU
		{F621F11B-9F7F-4025-AAF0-E46B0849DBF3}.Debug|Any CPU.Build.0 = Debug|Any CPU
		{F621F11B-9F7F-4025-AAF0-E46B0849DBF3}.Release|Any CPU.ActiveCfg = Release|Any CPU
		{F621F11B-9F7F-4025-AAF0-E46B0849DBF3}.Release|Any CPU.Build.0 = Release|Any CPU
		{FD55A27E-2700-488F-8C17-74B30E032358}.Debug|Any CPU.ActiveCfg = Debug|Any CPU
		{FD55A27E-2700-488F-8C17-74B30E032358}.Debug|Any CPU.Build.0 = Debug|Any CPU
		{FD55A27E-2700-488F-8C17-74B30E032358}.Release|Any CPU.ActiveCfg = Release|Any CPU
		{FD55A27E-2700-488F-8C17-74B30E032358}.Release|Any CPU.Build.0 = Release|Any CPU
		{C0439EAE-CA63-4771-A409-B1A72CC7983A}.Debug|Any CPU.ActiveCfg = Debug|Any CPU
		{C0439EAE-CA63-4771-A409-B1A72CC7983A}.Debug|Any CPU.Build.0 = Debug|Any CPU
		{C0439EAE-CA63-4771-A409-B1A72CC7983A}.Release|Any CPU.ActiveCfg = Release|Any CPU
		{C0439EAE-CA63-4771-A409-B1A72CC7983A}.Release|Any CPU.Build.0 = Release|Any CPU
		{433A7202-B77B-41E6-B9F1-154203AD368B}.Debug|Any CPU.ActiveCfg = Debug|Any CPU
		{433A7202-B77B-41E6-B9F1-154203AD368B}.Debug|Any CPU.Build.0 = Debug|Any CPU
		{433A7202-B77B-41E6-B9F1-154203AD368B}.Release|Any CPU.ActiveCfg = Release|Any CPU
		{433A7202-B77B-41E6-B9F1-154203AD368B}.Release|Any CPU.Build.0 = Release|Any CPU
		{574F07AE-6230-40C0-B430-5B5ED506C149}.Debug|Any CPU.ActiveCfg = Debug|Any CPU
		{574F07AE-6230-40C0-B430-5B5ED506C149}.Debug|Any CPU.Build.0 = Debug|Any CPU
		{574F07AE-6230-40C0-B430-5B5ED506C149}.Release|Any CPU.ActiveCfg = Release|Any CPU
		{574F07AE-6230-40C0-B430-5B5ED506C149}.Release|Any CPU.Build.0 = Release|Any CPU
	EndGlobalSection
	GlobalSection(SolutionProperties) = preSolution
		HideSolutionNode = FALSE
	EndGlobalSection
	GlobalSection(ExtensibilityGlobals) = postSolution
		SolutionGuid = {B64588C1-B748-4021-944A-7F4C90779652}
	EndGlobalSection
EndGlobal
